
Microsoft Visual Studio Solution File, Format Version 12.00
# Visual Studio Version 17
VisualStudioVersion = 17.11.35312.102
MinimumVisualStudioVersion = 10.0.40219.1
Project("{FAE04EC0-301F-11D3-BF4B-00C04F79EFBC}") = "BCSH2BDAS2", "BCSH2BDAS2.csproj", "{EB0E3A0A-0A4E-4506-A76C-891210B5591F}"
EndProject
Global
	GlobalSection(SolutionConfigurationPlatforms) = preSolution
		Debug|Any CPU = Debug|Any CPU
		Release|Any CPU = Release|Any CPU
	EndGlobalSection
	GlobalSection(ProjectConfigurationPlatforms) = postSolution
		{EB0E3A0A-0A4E-4506-A76C-891210B5591F}.Debug|Any CPU.ActiveCfg = Debug|Any CPU
		{EB0E3A0A-0A4E-4506-A76C-891210B5591F}.Debug|Any CPU.Build.0 = Debug|Any CPU
		{EB0E3A0A-0A4E-4506-A76C-891210B5591F}.Release|Any CPU.ActiveCfg = Release|Any CPU
		{EB0E3A0A-0A4E-4506-A76C-891210B5591F}.Release|Any CPU.Build.0 = Release|Any CPU
	EndGlobalSection
	GlobalSection(SolutionProperties) = preSolution
		HideSolutionNode = FALSE
	EndGlobalSection
	GlobalSection(ExtensibilityGlobals) = postSolution
		SolutionGuid = {3C3BC05B-A245-48D7-AADE-6CD3383864D7}
	EndGlobalSection
EndGlobal
